{
  "name": "facebook-cals-alert",
  "version": "0.0.1",
  "lockfileVersion": 1,
  "requires": true,
  "dependencies": {
    "byline": {
      "version": "4.2.1",
      "resolved": "https://registry.npmjs.org/byline/-/byline-4.2.1.tgz",
      "integrity": "sha1-90pm+m2P7/iLJyXgsrDPgwzfP4Y="
    },
    "caseless": {
      "version": "0.12.0",
      "resolved": "https://registry.npmjs.org/caseless/-/caseless-0.12.0.tgz",
      "integrity": "sha1-G2gcIf+EAzyCZUMJBolCDRhxUdw="
    },
    "cozy-ical": {
      "version": "1.1.22",
      "resolved": "https://registry.npmjs.org/cozy-ical/-/cozy-ical-1.1.22.tgz",
      "integrity": "sha1-mSBv/NKN/KV25Iibn6pXuYzBAzo=",
      "requires": {
        "byline": "4.2.1",
        "extend": "3.0.0",
        "moment-timezone": "0.5.3",
        "printit": "0.1.19",
        "rrule": "2.1.0",
        "uuid": "2.0.1"
      }
    },
    "extend": {
      "version": "3.0.0",
      "resolved": "https://registry.npmjs.org/extend/-/extend-3.0.0.tgz",
      "integrity": "sha1-WkdDU7nzNT3dgXbf03uRyDpG8dQ="
    },
    "is-typedarray": {
      "version": "1.0.0",
      "resolved": "https://registry.npmjs.org/is-typedarray/-/is-typedarray-1.0.0.tgz",
      "integrity": "sha1-5HnICFjfDBsR3dppQPlgEfzaSpo="
    },
    "moment": {
      "version": "2.19.1",
      "resolved": "https://registry.npmjs.org/moment/-/moment-2.19.1.tgz",
      "integrity": "sha1-VtoaLRy/AdOLfhr8McELz6GSkWc="
    },
    "moment-timezone": {
      "version": "0.5.3",
      "resolved": "https://registry.npmjs.org/moment-timezone/-/moment-timezone-0.5.3.tgz",
      "integrity": "sha1-NLpTvXGWd5db7p0Oi6eZrZNz8II=",
      "requires": {
        "moment": "2.19.1"
      }
    },
    "node-fetch": {
      "version": "2.0.0-alpha.9",
      "resolved": "https://registry.npmjs.org/node-fetch/-/node-fetch-2.0.0-alpha.9.tgz",
      "integrity": "sha512-I7wP1QkmBNX1mt4BS5zyLRTegl5Ii+MSalpfFefn+EZFrGVsdfCvLTKt9eHkNlU4phKgp3tqLWW8VXDcCm9m9w=="
    },
    "printit": {
      "version": "0.1.19",
      "resolved": "https://registry.npmjs.org/printit/-/printit-0.1.19.tgz",
      "integrity": "sha1-te9SAdgHe+QR5IP7d3ZZM11WJtw="
    },
    "r2": {
      "version": "2.0.0",
      "resolved": "https://registry.npmjs.org/r2/-/r2-2.0.0.tgz",
      "integrity": "sha512-qZ3W0BiiNCZ4EnixbsD1k2KgFk6mM97wRxDWMMtQwqUEmivju9kOyYsoO0hvhnof/niJ1/gIldSB3h2K86bZiQ==",
      "requires": {
        "caseless": "0.12.0",
        "node-fetch": "2.0.0-alpha.9",
        "typedarray-to-buffer": "3.1.2"
      }
    },
    "rrule": {
      "version": "2.1.0",
      "resolved": "https://registry.npmjs.org/rrule/-/rrule-2.1.0.tgz",
      "integrity": "sha1-bFs2meLlSfHfwmCf5+z2HI660pE="
    },
    "typedarray-to-buffer": {
      "version": "3.1.2",
      "resolved": "https://registry.npmjs.org/typedarray-to-buffer/-/typedarray-to-buffer-3.1.2.tgz",
      "integrity": "sha1-EBezLZhP9VbroQD1AViauhrOLgQ=",
      "requires": {
        "is-typedarray": "1.0.0"
      }
    },
    "uuid": {
      "version": "2.0.1",
      "resolved": "https://registry.npmjs.org/uuid/-/uuid-2.0.1.tgz",
      "integrity": "sha1-wqMN7bPlNdcsz4LjQ5QaULqFM6w="
    }
  }
}
