{
  "name": "facebook-cals-alert",
  "version": "0.0.7",
  "lockfileVersion": 1,
  "requires": true,
  "dependencies": {
    "byline": {
      "version": "4.2.1",
      "resolved": "https://registry.npmjs.org/byline/-/byline-4.2.1.tgz",
      "integrity": "sha1-90pm+m2P7/iLJyXgsrDPgwzfP4Y="
    },
    "cozy-ical": {
      "version": "1.1.22",
      "resolved": "https://registry.npmjs.org/cozy-ical/-/cozy-ical-1.1.22.tgz",
      "integrity": "sha1-mSBv/NKN/KV25Iibn6pXuYzBAzo=",
      "requires": {
        "byline": "4.2.1",
        "extend": "3.0.0",
        "moment-timezone": "0.5.3",
        "printit": "0.1.19",
        "rrule": "2.1.0",
        "uuid": "2.0.1"
      }
    },
    "encoding": {
      "version": "0.1.12",
      "resolved": "https://registry.npmjs.org/encoding/-/encoding-0.1.12.tgz",
      "integrity": "sha1-U4tm8+5izRq1HsMjgp0flIDHS+s=",
      "requires": {
        "iconv-lite": "0.4.19"
      }
    },
    "extend": {
      "version": "3.0.0",
      "resolved": "https://registry.npmjs.org/extend/-/extend-3.0.0.tgz",
      "integrity": "sha1-WkdDU7nzNT3dgXbf03uRyDpG8dQ="
    },
    "iconv-lite": {
      "version": "0.4.19",
      "resolved": "https://registry.npmjs.org/iconv-lite/-/iconv-lite-0.4.19.tgz",
      "integrity": "sha512-oTZqweIP51xaGPI4uPa56/Pri/480R+mo7SeU+YETByQNhDG55ycFyNLIgta9vXhILrxXDmF7ZGhqZIcuN0gJQ=="
    },
    "is-stream": {
      "version": "1.1.0",
      "resolved": "https://registry.npmjs.org/is-stream/-/is-stream-1.1.0.tgz",
      "integrity": "sha1-EtSj3U5o4Lec6428hBc66A2RykQ="
    },
    "moment": {
      "version": "2.19.1",
      "resolved": "https://registry.npmjs.org/moment/-/moment-2.19.1.tgz",
      "integrity": "sha1-VtoaLRy/AdOLfhr8McELz6GSkWc="
    },
    "moment-timezone": {
      "version": "0.5.3",
      "resolved": "https://registry.npmjs.org/moment-timezone/-/moment-timezone-0.5.3.tgz",
      "integrity": "sha1-NLpTvXGWd5db7p0Oi6eZrZNz8II=",
      "requires": {
        "moment": "2.19.1"
      }
    },
    "node-fetch": {
      "version": "1.7.3",
      "resolved": "https://registry.npmjs.org/node-fetch/-/node-fetch-1.7.3.tgz",
      "integrity": "sha512-NhZ4CsKx7cYm2vSrBAr2PvFOe6sWDf0UYLRqA6svUYg7+/TSfVAu49jYC4BvQ4Sms9SZgdqGBgroqfDhJdTyKQ==",
      "requires": {
        "encoding": "0.1.12",
        "is-stream": "1.1.0"
      }
    },
    "printit": {
      "version": "0.1.19",
      "resolved": "https://registry.npmjs.org/printit/-/printit-0.1.19.tgz",
      "integrity": "sha1-te9SAdgHe+QR5IP7d3ZZM11WJtw="
    },
    "rrule": {
      "version": "2.1.0",
      "resolved": "https://registry.npmjs.org/rrule/-/rrule-2.1.0.tgz",
      "integrity": "sha1-bFs2meLlSfHfwmCf5+z2HI660pE="
    },
    "uuid": {
      "version": "2.0.1",
      "resolved": "https://registry.npmjs.org/uuid/-/uuid-2.0.1.tgz",
      "integrity": "sha1-wqMN7bPlNdcsz4LjQ5QaULqFM6w="
    }
  }
}
